
Microsoft Visual Studio Solution File, Format Version 12.00
# Visual Studio Version 16
VisualStudioVersion = 16.0.30709.132
MinimumVisualStudioVersion = 10.0.40219.1
Project("{FAE04EC0-301F-11D3-BF4B-00C04F79EFBC}") = "TrackTrace", "OOSD\TrackTrace.csproj", "{FD36FAEC-7AC3-4D3E-97A4-172EB874C890}"
EndProject
Project("{FAE04EC0-301F-11D3-BF4B-00C04F79EFBC}") = "TrackTraceTests", "OOSDTests\TrackTraceTests.csproj", "{2D4AE087-7E3F-41A5-BDBE-449E7370403B}"
EndProject
Global
	GlobalSection(SolutionConfigurationPlatforms) = preSolution
		Debug|Any CPU = Debug|Any CPU
		Release|Any CPU = Release|Any CPU
	EndGlobalSection
	GlobalSection(ProjectConfigurationPlatforms) = postSolution
		{FD36FAEC-7AC3-4D3E-97A4-172EB874C890}.Debug|Any CPU.ActiveCfg = Debug|Any CPU
		{FD36FAEC-7AC3-4D3E-97A4-172EB874C890}.Debug|Any CPU.Build.0 = Debug|Any CPU
		{FD36FAEC-7AC3-4D3E-97A4-172EB874C890}.Release|Any CPU.ActiveCfg = Release|Any CPU
		{FD36FAEC-7AC3-4D3E-97A4-172EB874C890}.Release|Any CPU.Build.0 = Release|Any CPU
		{2D4AE087-7E3F-41A5-BDBE-449E7370403B}.Debug|Any CPU.ActiveCfg = Debug|Any CPU
		{2D4AE087-7E3F-41A5-BDBE-449E7370403B}.Debug|Any CPU.Build.0 = Debug|Any CPU
		{2D4AE087-7E3F-41A5-BDBE-449E7370403B}.Release|Any CPU.ActiveCfg = Release|Any CPU
		{2D4AE087-7E3F-41A5-BDBE-449E7370403B}.Release|Any CPU.Build.0 = Release|Any CPU
	EndGlobalSection
	GlobalSection(SolutionProperties) = preSolution
		HideSolutionNode = FALSE
	EndGlobalSection
	GlobalSection(ExtensibilityGlobals) = postSolution
		SolutionGuid = {378B2F0B-1443-4FC5-BCC6-415B3F0B6CF5}
	EndGlobalSection
EndGlobal
